
Microsoft Visual Studio Solution File, Format Version 12.00
# Visual Studio Version 16
VisualStudioVersion = 16.0.31321.278
MinimumVisualStudioVersion = 10.0.40219.1
Project("{FAE04EC0-301F-11D3-BF4B-00C04F79EFBC}") = "AdvancedProgrammingProject2", "AdvancedProgrammingProject2\AdvancedProgrammingProject2.csproj", "{53132143-EE14-484C-973B-A8487AE7BC91}"
EndProject
Project("{FAE04EC0-301F-11D3-BF4B-00C04F79EFBC}") = "AdvancedProgrammingProject2.Tests", "AdvancedProgrammingProject2.Tests\AdvancedProgrammingProject2.Tests.csproj", "{356D2EC6-AC4C-439E-880A-312CAEC4AF2E}"
EndProject
Global
	GlobalSection(SolutionConfigurationPlatforms) = preSolution
		Debug|Any CPU = Debug|Any CPU
		Release|Any CPU = Release|Any CPU
	EndGlobalSection
	GlobalSection(ProjectConfigurationPlatforms) = postSolution
		{53132143-EE14-484C-973B-A8487AE7BC91}.Debug|Any CPU.ActiveCfg = Debug|Any CPU
		{53132143-EE14-484C-973B-A8487AE7BC91}.Debug|Any CPU.Build.0 = Debug|Any CPU
		{53132143-EE14-484C-973B-A8487AE7BC91}.Release|Any CPU.ActiveCfg = Release|Any CPU
		{53132143-EE14-484C-973B-A8487AE7BC91}.Release|Any CPU.Build.0 = Release|Any CPU
		{356D2EC6-AC4C-439E-880A-312CAEC4AF2E}.Debug|Any CPU.ActiveCfg = Debug|Any CPU
		{356D2EC6-AC4C-439E-880A-312CAEC4AF2E}.Debug|Any CPU.Build.0 = Debug|Any CPU
		{356D2EC6-AC4C-439E-880A-312CAEC4AF2E}.Release|Any CPU.ActiveCfg = Release|Any CPU
		{356D2EC6-AC4C-439E-880A-312CAEC4AF2E}.Release|Any CPU.Build.0 = Release|Any CPU
	EndGlobalSection
	GlobalSection(SolutionProperties) = preSolution
		HideSolutionNode = FALSE
	EndGlobalSection
	GlobalSection(ExtensibilityGlobals) = postSolution
		SolutionGuid = {C6C75A10-11BA-48AD-AF1A-76099B9DB701}
	EndGlobalSection
EndGlobal
